// !$*UTF8*$!
{
	archiveVersion = 1;
	classes = {
	};
	objectVersion = 56;
	objects = {

/* Begin PBXBuildFile section */
		94715AC7296EE34B007B5047 /* FizzBuzzAlgViewModel.swift in Sources */ = {isa = PBXBuildFile; fileRef = 94715AC6296EE34B007B5047 /* FizzBuzzAlgViewModel.swift */; };
		948EDC48296EC388005D89E7 /* BackgroundImageView.swift in Sources */ = {isa = PBXBuildFile; fileRef = 948EDC47296EC388005D89E7 /* BackgroundImageView.swift */; };
		948EDC4F296EC7CB005D89E7 /* NiceText.swift in Sources */ = {isa = PBXBuildFile; fileRef = 948EDC4E296EC7CB005D89E7 /* NiceText.swift */; };
		948EDC51296EC844005D89E7 /* FizzBuzzView.swift in Sources */ = {isa = PBXBuildFile; fileRef = 948EDC50296EC844005D89E7 /* FizzBuzzView.swift */; };
		948EDC53296ECA7C005D89E7 /* CodeCreatorView.swift in Sources */ = {isa = PBXBuildFile; fileRef = 948EDC52296ECA7B005D89E7 /* CodeCreatorView.swift */; };
		948EDC55296ECB08005D89E7 /* FizzBuzzAlgModel.swift in Sources */ = {isa = PBXBuildFile; fileRef = 948EDC54296ECB08005D89E7 /* FizzBuzzAlgModel.swift */; };
		94F152CD296D99F300F8075E /* FizzBuzzApp.swift in Sources */ = {isa = PBXBuildFile; fileRef = 94F152CC296D99F300F8075E /* FizzBuzzApp.swift */; };
		94F152D1296D99F400F8075E /* Assets.xcassets in Resources */ = {isa = PBXBuildFile; fileRef = 94F152D0296D99F400F8075E /* Assets.xcassets */; };
		94F152D5296D99F400F8075E /* Preview Assets.xcassets in Resources */ = {isa = PBXBuildFile; fileRef = 94F152D4296D99F400F8075E /* Preview Assets.xcassets */; };
		94F152DC296D9A1600F8075E /* MainView.swift in Sources */ = {isa = PBXBuildFile; fileRef = 94F152DB296D9A1600F8075E /* MainView.swift */; };
		94F152DE296D9C8700F8075E /* AboutView.swift in Sources */ = {isa = PBXBuildFile; fileRef = 94F152DD296D9C8700F8075E /* AboutView.swift */; };
/* End PBXBuildFile section */

/* Begin PBXFileReference section */
		94715AC6296EE34B007B5047 /* FizzBuzzAlgViewModel.swift */ = {isa = PBXFileReference; lastKnownFileType = sourcecode.swift; path = FizzBuzzAlgViewModel.swift; sourceTree = "<group>"; };
		948EDC47296EC388005D89E7 /* BackgroundImageView.swift */ = {isa = PBXFileReference; lastKnownFileType = sourcecode.swift; path = BackgroundImageView.swift; sourceTree = "<group>"; };
		948EDC4E296EC7CB005D89E7 /* NiceText.swift */ = {isa = PBXFileReference; lastKnownFileType = sourcecode.swift; path = NiceText.swift; sourceTree = "<group>"; };
		948EDC50296EC844005D89E7 /* FizzBuzzView.swift */ = {isa = PBXFileReference; lastKnownFileType = sourcecode.swift; path = FizzBuzzView.swift; sourceTree = "<group>"; };
		948EDC52296ECA7B005D89E7 /* CodeCreatorView.swift */ = {isa = PBXFileReference; lastKnownFileType = sourcecode.swift; path = CodeCreatorView.swift; sourceTree = "<group>"; };
		948EDC54296ECB08005D89E7 /* FizzBuzzAlgModel.swift */ = {isa = PBXFileReference; lastKnownFileType = sourcecode.swift; path = FizzBuzzAlgModel.swift; sourceTree = "<group>"; };
		94F152C9296D99F300F8075E /* FizzBuzz.app */ = {isa = PBXFileReference; explicitFileType = wrapper.application; includeInIndex = 0; path = FizzBuzz.app; sourceTree = BUILT_PRODUCTS_DIR; };
		94F152CC296D99F300F8075E /* FizzBuzzApp.swift */ = {isa = PBXFileReference; lastKnownFileType = sourcecode.swift; path = FizzBuzzApp.swift; sourceTree = "<group>"; };
		94F152D0296D99F400F8075E /* Assets.xcassets */ = {isa = PBXFileReference; lastKnownFileType = folder.assetcatalog; path = Assets.xcassets; sourceTree = "<group>"; };
		94F152D2296D99F400F8075E /* FizzBuzz.entitlements */ = {isa = PBXFileReference; lastKnownFileType = text.plist.entitlements; path = FizzBuzz.entitlements; sourceTree = "<group>"; };
		94F152D4296D99F400F8075E /* Preview Assets.xcassets */ = {isa = PBXFileReference; lastKnownFileType = folder.assetcatalog; path = "Preview Assets.xcassets"; sourceTree = "<group>"; };
		94F152DB296D9A1600F8075E /* MainView.swift */ = {isa = PBXFileReference; lastKnownFileType = sourcecode.swift; path = MainView.swift; sourceTree = "<group>"; };
		94F152DD296D9C8700F8075E /* AboutView.swift */ = {isa = PBXFileReference; lastKnownFileType = sourcecode.swift; path = AboutView.swift; sourceTree = "<group>"; };
/* End PBXFileReference section */

/* Begin PBXFrameworksBuildPhase section */
		94F152C6296D99F300F8075E /* Frameworks */ = {
			isa = PBXFrameworksBuildPhase;
			buildActionMask = 2147483647;
			files = (
			);
			runOnlyForDeploymentPostprocessing = 0;
		};
/* End PBXFrameworksBuildPhase section */

/* Begin PBXGroup section */
		948EDC49296EC38C005D89E7 /* View */ = {
			isa = PBXGroup;
			children = (
				948EDC4D296EC3C0005D89E7 /* MainViews */,
				948EDC4C296EC3B4005D89E7 /* SupportingViews */,
			);
			path = View;
			sourceTree = "<group>";
		};
		948EDC4A296EC399005D89E7 /* Model */ = {
			isa = PBXGroup;
			children = (
				948EDC54296ECB08005D89E7 /* FizzBuzzAlgModel.swift */,
			);
			path = Model;
			sourceTree = "<group>";
		};
		948EDC4B296EC3A0005D89E7 /* ModelView */ = {
			isa = PBXGroup;
			children = (
				94715AC6296EE34B007B5047 /* FizzBuzzAlgViewModel.swift */,
			);
			path = ModelView;
			sourceTree = "<group>";
		};
		948EDC4C296EC3B4005D89E7 /* SupportingViews */ = {
			isa = PBXGroup;
			children = (
				948EDC4E296EC7CB005D89E7 /* NiceText.swift */,
				948EDC47296EC388005D89E7 /* BackgroundImageView.swift */,
			);
			path = SupportingViews;
			sourceTree = "<group>";
		};
		948EDC4D296EC3C0005D89E7 /* MainViews */ = {
			isa = PBXGroup;
			children = (
				94F152DD296D9C8700F8075E /* AboutView.swift */,
				94F152DB296D9A1600F8075E /* MainView.swift */,
				948EDC50296EC844005D89E7 /* FizzBuzzView.swift */,
				948EDC52296ECA7B005D89E7 /* CodeCreatorView.swift */,
			);
			path = MainViews;
			sourceTree = "<group>";
		};
		94F152C0296D99F300F8075E = {
			isa = PBXGroup;
			children = (
				94F152CB296D99F300F8075E /* FizzBuzz */,
				94F152CA296D99F300F8075E /* Products */,
			);
			sourceTree = "<group>";
		};
		94F152CA296D99F300F8075E /* Products */ = {
			isa = PBXGroup;
			children = (
				94F152C9296D99F300F8075E /* FizzBuzz.app */,
			);
			name = Products;
			sourceTree = "<group>";
		};
		94F152CB296D99F300F8075E /* FizzBuzz */ = {
			isa = PBXGroup;
			children = (
				948EDC4B296EC3A0005D89E7 /* ModelView */,
				948EDC4A296EC399005D89E7 /* Model */,
				948EDC49296EC38C005D89E7 /* View */,
				94F152CC296D99F300F8075E /* FizzBuzzApp.swift */,
				94F152D0296D99F400F8075E /* Assets.xcassets */,
				94F152D2296D99F400F8075E /* FizzBuzz.entitlements */,
				94F152D3296D99F400F8075E /* Preview Content */,
			);
			path = FizzBuzz;
			sourceTree = "<group>";
		};
		94F152D3296D99F400F8075E /* Preview Content */ = {
			isa = PBXGroup;
			children = (
				94F152D4296D99F400F8075E /* Preview Assets.xcassets */,
			);
			path = "Preview Content";
			sourceTree = "<group>";
		};
/* End PBXGroup section */

/* Begin PBXNativeTarget section */
		94F152C8296D99F300F8075E /* FizzBuzz */ = {
			isa = PBXNativeTarget;
			buildConfigurationList = 94F152D8296D99F400F8075E /* Build configuration list for PBXNativeTarget "FizzBuzz" */;
			buildPhases = (
				94F152C5296D99F300F8075E /* Sources */,
				94F152C6296D99F300F8075E /* Frameworks */,
				94F152C7296D99F300F8075E /* Resources */,
			);
			buildRules = (
			);
			dependencies = (
			);
			name = FizzBuzz;
			productName = FizzBuzz;
			productReference = 94F152C9296D99F300F8075E /* FizzBuzz.app */;
			productType = "com.apple.product-type.application";
		};
/* End PBXNativeTarget section */

/* Begin PBXProject section */
		94F152C1296D99F300F8075E /* Project object */ = {
			isa = PBXProject;
			attributes = {
				BuildIndependentTargetsInParallel = 1;
				LastSwiftUpdateCheck = 1420;
				LastUpgradeCheck = 1420;
				TargetAttributes = {
					94F152C8296D99F300F8075E = {
						CreatedOnToolsVersion = 14.2;
					};
				};
			};
			buildConfigurationList = 94F152C4296D99F300F8075E /* Build configuration list for PBXProject "FizzBuzz" */;
			compatibilityVersion = "Xcode 14.0";
			developmentRegion = en;
			hasScannedForEncodings = 0;
			knownRegions = (
				en,
				Base,
			);
			mainGroup = 94F152C0296D99F300F8075E;
			productRefGroup = 94F152CA296D99F300F8075E /* Products */;
			projectDirPath = "";
			projectRoot = "";
			targets = (
				94F152C8296D99F300F8075E /* FizzBuzz */,
			);
		};
/* End PBXProject section */

/* Begin PBXResourcesBuildPhase section */
		94F152C7296D99F300F8075E /* Resources */ = {
			isa = PBXResourcesBuildPhase;
			buildActionMask = 2147483647;
			files = (
				94F152D5296D99F400F8075E /* Preview Assets.xcassets in Resources */,
				94F152D1296D99F400F8075E /* Assets.xcassets in Resources */,
			);
			runOnlyForDeploymentPostprocessing = 0;
		};
/* End PBXResourcesBuildPhase section */

/* Begin PBXSourcesBuildPhase section */
		94F152C5296D99F300F8075E /* Sources */ = {
			isa = PBXSourcesBuildPhase;
			buildActionMask = 2147483647;
			files = (
				948EDC51296EC844005D89E7 /* FizzBuzzView.swift in Sources */,
				94F152DC296D9A1600F8075E /* MainView.swift in Sources */,
				94715AC7296EE34B007B5047 /* FizzBuzzAlgViewModel.swift in Sources */,
				948EDC53296ECA7C005D89E7 /* CodeCreatorView.swift in Sources */,
				948EDC4F296EC7CB005D89E7 /* NiceText.swift in Sources */,
				948EDC55296ECB08005D89E7 /* FizzBuzzAlgModel.swift in Sources */,
				94F152DE296D9C8700F8075E /* AboutView.swift in Sources */,
				948EDC48296EC388005D89E7 /* BackgroundImageView.swift in Sources */,
				94F152CD296D99F300F8075E /* FizzBuzzApp.swift in Sources */,
			);
			runOnlyForDeploymentPostprocessing = 0;
		};
/* End PBXSourcesBuildPhase section */

/* Begin XCBuildConfiguration section */
		94F152D6296D99F400F8075E /* Debug */ = {
			isa = XCBuildConfiguration;
			buildSettings = {
				ALWAYS_SEARCH_USER_PATHS = NO;
				CLANG_ANALYZER_NONNULL = YES;
				CLANG_ANALYZER_NUMBER_OBJECT_CONVERSION = YES_AGGRESSIVE;
				CLANG_CXX_LANGUAGE_STANDARD = "gnu++20";
				CLANG_ENABLE_MODULES = YES;
				CLANG_ENABLE_OBJC_ARC = YES;
				CLANG_ENABLE_OBJC_WEAK = YES;
				CLANG_WARN_BLOCK_CAPTURE_AUTORELEASING = YES;
				CLANG_WARN_BOOL_CONVERSION = YES;
				CLANG_WARN_COMMA = YES;
				CLANG_WARN_CONSTANT_CONVERSION = YES;
				CLANG_WARN_DEPRECATED_OBJC_IMPLEMENTATIONS = YES;
				CLANG_WARN_DIRECT_OBJC_ISA_USAGE = YES_ERROR;
				CLANG_WARN_DOCUMENTATION_COMMENTS = YES;
				CLANG_WARN_EMPTY_BODY = YES;
				CLANG_WARN_ENUM_CONVERSION = YES;
				CLANG_WARN_INFINITE_RECURSION = YES;
				CLANG_WARN_INT_CONVERSION = YES;
				CLANG_WARN_NON_LITERAL_NULL_CONVERSION = YES;
				CLANG_WARN_OBJC_IMPLICIT_RETAIN_SELF = YES;
				CLANG_WARN_OBJC_LITERAL_CONVERSION = YES;
				CLANG_WARN_OBJC_ROOT_CLASS = YES_ERROR;
				CLANG_WARN_QUOTED_INCLUDE_IN_FRAMEWORK_HEADER = YES;
				CLANG_WARN_RANGE_LOOP_ANALYSIS = YES;
				CLANG_WARN_STRICT_PROTOTYPES = YES;
				CLANG_WARN_SUSPICIOUS_MOVE = YES;
				CLANG_WARN_UNGUARDED_AVAILABILITY = YES_AGGRESSIVE;
				CLANG_WARN_UNREACHABLE_CODE = YES;
				CLANG_WARN__DUPLICATE_METHOD_MATCH = YES;
				COPY_PHASE_STRIP = NO;
				DEBUG_INFORMATION_FORMAT = dwarf;
				ENABLE_STRICT_OBJC_MSGSEND = YES;
				ENABLE_TESTABILITY = YES;
				GCC_C_LANGUAGE_STANDARD = gnu11;
				GCC_DYNAMIC_NO_PIC = NO;
				GCC_NO_COMMON_BLOCKS = YES;
				GCC_OPTIMIZATION_LEVEL = 0;
				GCC_PREPROCESSOR_DEFINITIONS = (
					"DEBUG=1",
					"$(inherited)",
				);
				GCC_WARN_64_TO_32_BIT_CONVERSION = YES;
				GCC_WARN_ABOUT_RETURN_TYPE = YES_ERROR;
				GCC_WARN_UNDECLARED_SELECTOR = YES;
				GCC_WARN_UNINITIALIZED_AUTOS = YES_AGGRESSIVE;
				GCC_WARN_UNUSED_FUNCTION = YES;
				GCC_WARN_UNUSED_VARIABLE = YES;
				MTL_ENABLE_DEBUG_INFO = INCLUDE_SOURCE;
				MTL_FAST_MATH = YES;
				ONLY_ACTIVE_ARCH = YES;
				SWIFT_ACTIVE_COMPILATION_CONDITIONS = DEBUG;
				SWIFT_OPTIMIZATION_LEVEL = "-Onone";
			};
			name = Debug;
		};
		94F152D7296D99F400F8075E /* Release */ = {
			isa = XCBuildConfiguration;
			buildSettings = {
				ALWAYS_SEARCH_USER_PATHS = NO;
				CLANG_ANALYZER_NONNULL = YES;
				CLANG_ANALYZER_NUMBER_OBJECT_CONVERSION = YES_AGGRESSIVE;
				CLANG_CXX_LANGUAGE_STANDARD = "gnu++20";
				CLANG_ENABLE_MODULES = YES;
				CLANG_ENABLE_OBJC_ARC = YES;
				CLANG_ENABLE_OBJC_WEAK = YES;
				CLANG_WARN_BLOCK_CAPTURE_AUTORELEASING = YES;
				CLANG_WARN_BOOL_CONVERSION = YES;
				CLANG_WARN_COMMA = YES;
				CLANG_WARN_CONSTANT_CONVERSION = YES;
				CLANG_WARN_DEPRECATED_OBJC_IMPLEMENTATIONS = YES;
				CLANG_WARN_DIRECT_OBJC_ISA_USAGE = YES_ERROR;
				CLANG_WARN_DOCUMENTATION_COMMENTS = YES;
				CLANG_WARN_EMPTY_BODY = YES;
				CLANG_WARN_ENUM_CONVERSION = YES;
				CLANG_WARN_INFINITE_RECURSION = YES;
				CLANG_WARN_INT_CONVERSION = YES;
				CLANG_WARN_NON_LITERAL_NULL_CONVERSION = YES;
				CLANG_WARN_OBJC_IMPLICIT_RETAIN_SELF = YES;
				CLANG_WARN_OBJC_LITERAL_CONVERSION = YES;
				CLANG_WARN_OBJC_ROOT_CLASS = YES_ERROR;
				CLANG_WARN_QUOTED_INCLUDE_IN_FRAMEWORK_HEADER = YES;
				CLANG_WARN_RANGE_LOOP_ANALYSIS = YES;
				CLANG_WARN_STRICT_PROTOTYPES = YES;
				CLANG_WARN_SUSPICIOUS_MOVE = YES;
				CLANG_WARN_UNGUARDED_AVAILABILITY = YES_AGGRESSIVE;
				CLANG_WARN_UNREACHABLE_CODE = YES;
				CLANG_WARN__DUPLICATE_METHOD_MATCH = YES;
				COPY_PHASE_STRIP = NO;
				DEBUG_INFORMATION_FORMAT = "dwarf-with-dsym";
				ENABLE_NS_ASSERTIONS = NO;
				ENABLE_STRICT_OBJC_MSGSEND = YES;
				GCC_C_LANGUAGE_STANDARD = gnu11;
				GCC_NO_COMMON_BLOCKS = YES;
				GCC_WARN_64_TO_32_BIT_CONVERSION = YES;
				GCC_WARN_ABOUT_RETURN_TYPE = YES_ERROR;
				GCC_WARN_UNDECLARED_SELECTOR = YES;
				GCC_WARN_UNINITIALIZED_AUTOS = YES_AGGRESSIVE;
				GCC_WARN_UNUSED_FUNCTION = YES;
				GCC_WARN_UNUSED_VARIABLE = YES;
				MTL_ENABLE_DEBUG_INFO = NO;
				MTL_FAST_MATH = YES;
				SWIFT_COMPILATION_MODE = wholemodule;
				SWIFT_OPTIMIZATION_LEVEL = "-O";
			};
			name = Release;
		};
		94F152D9296D99F400F8075E /* Debug */ = {
			isa = XCBuildConfiguration;
			buildSettings = {
				ASSETCATALOG_COMPILER_APPICON_NAME = AppIcon;
				ASSETCATALOG_COMPILER_GLOBAL_ACCENT_COLOR_NAME = AccentColor;
				CODE_SIGN_ENTITLEMENTS = FizzBuzz/FizzBuzz.entitlements;
				CODE_SIGN_STYLE = Automatic;
				CURRENT_PROJECT_VERSION = 1;
				DEVELOPMENT_ASSET_PATHS = "\"FizzBuzz/Preview Content\"";
				ENABLE_PREVIEWS = YES;
				GENERATE_INFOPLIST_FILE = YES;
				"INFOPLIST_KEY_UIApplicationSceneManifest_Generation[sdk=iphoneos*]" = YES;
				"INFOPLIST_KEY_UIApplicationSceneManifest_Generation[sdk=iphonesimulator*]" = YES;
				"INFOPLIST_KEY_UIApplicationSupportsIndirectInputEvents[sdk=iphoneos*]" = YES;
				"INFOPLIST_KEY_UIApplicationSupportsIndirectInputEvents[sdk=iphonesimulator*]" = YES;
				"INFOPLIST_KEY_UILaunchScreen_Generation[sdk=iphoneos*]" = YES;
				"INFOPLIST_KEY_UILaunchScreen_Generation[sdk=iphonesimulator*]" = YES;
				"INFOPLIST_KEY_UIStatusBarStyle[sdk=iphoneos*]" = UIStatusBarStyleDefault;
				"INFOPLIST_KEY_UIStatusBarStyle[sdk=iphonesimulator*]" = UIStatusBarStyleDefault;
				INFOPLIST_KEY_UISupportedInterfaceOrientations_iPad = "UIInterfaceOrientationPortrait UIInterfaceOrientationPortraitUpsideDown UIInterfaceOrientationLandscapeLeft UIInterfaceOrientationLandscapeRight";
				INFOPLIST_KEY_UISupportedInterfaceOrientations_iPhone = "UIInterfaceOrientationPortrait UIInterfaceOrientationLandscapeLeft UIInterfaceOrientationLandscapeRight";
				IPHONEOS_DEPLOYMENT_TARGET = 16.2;
				LD_RUNPATH_SEARCH_PATHS = "@executable_path/Frameworks";
				"LD_RUNPATH_SEARCH_PATHS[sdk=macosx*]" = "@executable_path/../Frameworks";
				MACOSX_DEPLOYMENT_TARGET = 13.1;
				MARKETING_VERSION = 1.0;
				PRODUCT_BUNDLE_IDENTIFIER = Neossa.FizzBuzz;
				PRODUCT_NAME = "$(TARGET_NAME)";
				SDKROOT = auto;
				SUPPORTED_PLATFORMS = "iphoneos iphonesimulator macosx";
				SWIFT_EMIT_LOC_STRINGS = YES;
				SWIFT_VERSION = 5.0;
				TARGETED_DEVICE_FAMILY = "1,2";
			};
			name = Debug;
		};
		94F152DA296D99F400F8075E /* Release */ = {
			isa = XCBuildConfiguration;
			buildSettings = {
				ASSETCATALOG_COMPILER_APPICON_NAME = AppIcon;
				ASSETCATALOG_COMPILER_GLOBAL_ACCENT_COLOR_NAME = AccentColor;
				CODE_SIGN_ENTITLEMENTS = FizzBuzz/FizzBuzz.entitlements;
				CODE_SIGN_STYLE = Automatic;
				CURRENT_PROJECT_VERSION = 1;
				DEVELOPMENT_ASSET_PATHS = "\"FizzBuzz/Preview Content\"";
				ENABLE_PREVIEWS = YES;
				GENERATE_INFOPLIST_FILE = YES;
				"INFOPLIST_KEY_UIApplicationSceneManifest_Generation[sdk=iphoneos*]" = YES;
				"INFOPLIST_KEY_UIApplicationSceneManifest_Generation[sdk=iphonesimulator*]" = YES;
				"INFOPLIST_KEY_UIApplicationSupportsIndirectInputEvents[sdk=iphoneos*]" = YES;
				"INFOPLIST_KEY_UIApplicationSupportsIndirectInputEvents[sdk=iphonesimulator*]" = YES;
				"INFOPLIST_KEY_UILaunchScreen_Generation[sdk=iphoneos*]" = YES;
				"INFOPLIST_KEY_UILaunchScreen_Generation[sdk=iphonesimulator*]" = YES;
				"INFOPLIST_KEY_UIStatusBarStyle[sdk=iphoneos*]" = UIStatusBarStyleDefault;
				"INFOPLIST_KEY_UIStatusBarStyle[sdk=iphonesimulator*]" = UIStatusBarStyleDefault;
				INFOPLIST_KEY_UISupportedInterfaceOrientations_iPad = "UIInterfaceOrientationPortrait UIInterfaceOrientationPortraitUpsideDown UIInterfaceOrientationLandscapeLeft UIInterfaceOrientationLandscapeRight";
				INFOPLIST_KEY_UISupportedInterfaceOrientations_iPhone = "UIInterfaceOrientationPortrait UIInterfaceOrientationLandscapeLeft UIInterfaceOrientationLandscapeRight";
				IPHONEOS_DEPLOYMENT_TARGET = 16.2;
				LD_RUNPATH_SEARCH_PATHS = "@executable_path/Frameworks";
				"LD_RUNPATH_SEARCH_PATHS[sdk=macosx*]" = "@executable_path/../Frameworks";
				MACOSX_DEPLOYMENT_TARGET = 13.1;
				MARKETING_VERSION = 1.0;
				PRODUCT_BUNDLE_IDENTIFIER = Neossa.FizzBuzz;
				PRODUCT_NAME = "$(TARGET_NAME)";
				SDKROOT = auto;
				SUPPORTED_PLATFORMS = "iphoneos iphonesimulator macosx";
				SWIFT_EMIT_LOC_STRINGS = YES;
				SWIFT_VERSION = 5.0;
				TARGETED_DEVICE_FAMILY = "1,2";
			};
			name = Release;
		};
/* End XCBuildConfiguration section */

/* Begin XCConfigurationList section */
		94F152C4296D99F300F8075E /* Build configuration list for PBXProject "FizzBuzz" */ = {
			isa = XCConfigurationList;
			buildConfigurations = (
				94F152D6296D99F400F8075E /* Debug */,
				94F152D7296D99F400F8075E /* Release */,
			);
			defaultConfigurationIsVisible = 0;
			defaultConfigurationName = Release;
		};
		94F152D8296D99F400F8075E /* Build configuration list for PBXNativeTarget "FizzBuzz" */ = {
			isa = XCConfigurationList;
			buildConfigurations = (
				94F152D9296D99F400F8075E /* Debug */,
				94F152DA296D99F400F8075E /* Release */,
			);
			defaultConfigurationIsVisible = 0;
			defaultConfigurationName = Release;
		};
/* End XCConfigurationList section */
	};
	rootObject = 94F152C1296D99F300F8075E /* Project object */;
}
